dependencies:
  espressif__arduino-esp32:
    component_hash: null
    source:
      path: D:\repos\esp32\iot-infrared-temperature-measurement\components\espressif__arduino-esp32
      type: local
    version: 2.0.14
  idf:
    component_hash: null
    source:
      type: idf
    version: 4.4.7
manifest_hash: 1db4a45d5b86b0860459dfc529826288214ed820568add62c790f01adc8eef63
target: esp32c3
version: 1.0.0
